
Microsoft Visual Studio Solution File, Format Version 12.00
# Visual Studio Version 16
VisualStudioVersion = 16.0.31105.61
MinimumVisualStudioVersion = 10.0.40219.1
Project("{9A19103F-16F7-4668-BE54-9A1E7A4F7556}") = "ProAgilAPI", "ProAgilAPI\ProAgilAPI.csproj", "{CC9EE128-054F-4697-851E-E5292B4AF445}"
EndProject
Project("{FAE04EC0-301F-11D3-BF4B-00C04F79EFBC}") = "ProAgil.Repository", "ProAgil.Repository\ProAgil.Repository.csproj", "{6F5B0832-22ED-45F6-9BCB-F0A605650475}"
EndProject
Project("{FAE04EC0-301F-11D3-BF4B-00C04F79EFBC}") = "ProAgil.Domain", "ProAgil.Domain\ProAgil.Domain.csproj", "{AE00D299-105D-4000-A5B9-184D83D50554}"
EndProject
Global
	GlobalSection(SolutionConfigurationPlatforms) = preSolution
		Debug|Any CPU = Debug|Any CPU
		Release|Any CPU = Release|Any CPU
	EndGlobalSection
	GlobalSection(ProjectConfigurationPlatforms) = postSolution
		{CC9EE128-054F-4697-851E-E5292B4AF445}.Debug|Any CPU.ActiveCfg = Debug|Any CPU
		{CC9EE128-054F-4697-851E-E5292B4AF445}.Debug|Any CPU.Build.0 = Debug|Any CPU
		{CC9EE128-054F-4697-851E-E5292B4AF445}.Release|Any CPU.ActiveCfg = Release|Any CPU
		{CC9EE128-054F-4697-851E-E5292B4AF445}.Release|Any CPU.Build.0 = Release|Any CPU
		{6F5B0832-22ED-45F6-9BCB-F0A605650475}.Debug|Any CPU.ActiveCfg = Debug|Any CPU
		{6F5B0832-22ED-45F6-9BCB-F0A605650475}.Debug|Any CPU.Build.0 = Debug|Any CPU
		{6F5B0832-22ED-45F6-9BCB-F0A605650475}.Release|Any CPU.ActiveCfg = Release|Any CPU
		{6F5B0832-22ED-45F6-9BCB-F0A605650475}.Release|Any CPU.Build.0 = Release|Any CPU
		{AE00D299-105D-4000-A5B9-184D83D50554}.Debug|Any CPU.ActiveCfg = Debug|Any CPU
		{AE00D299-105D-4000-A5B9-184D83D50554}.Debug|Any CPU.Build.0 = Debug|Any CPU
		{AE00D299-105D-4000-A5B9-184D83D50554}.Release|Any CPU.ActiveCfg = Release|Any CPU
		{AE00D299-105D-4000-A5B9-184D83D50554}.Release|Any CPU.Build.0 = Release|Any CPU
	EndGlobalSection
	GlobalSection(SolutionProperties) = preSolution
		HideSolutionNode = FALSE
	EndGlobalSection
	GlobalSection(ExtensibilityGlobals) = postSolution
		SolutionGuid = {D520674F-17FF-457D-916A-6AEE14B1D77B}
	EndGlobalSection
EndGlobal
